
Microsoft Visual Studio Solution File, Format Version 12.00
# Visual Studio Version 17
VisualStudioVersion = 17.2.32630.192
MinimumVisualStudioVersion = 10.0.40219.1
Project("{FAE04EC0-301F-11D3-BF4B-00C04F79EFBC}") = "SalesWebMvc", "SalesWebMvc\SalesWebMvc.csproj", "{A97F4D07-FCF2-45DB-9B6E-D162E6EBD43A}"
EndProject
Global
	GlobalSection(SolutionConfigurationPlatforms) = preSolution
		Debug|Any CPU = Debug|Any CPU
		Release|Any CPU = Release|Any CPU
	EndGlobalSection
	GlobalSection(ProjectConfigurationPlatforms) = postSolution
		{A97F4D07-FCF2-45DB-9B6E-D162E6EBD43A}.Debug|Any CPU.ActiveCfg = Debug|Any CPU
		{A97F4D07-FCF2-45DB-9B6E-D162E6EBD43A}.Debug|Any CPU.Build.0 = Debug|Any CPU
		{A97F4D07-FCF2-45DB-9B6E-D162E6EBD43A}.Release|Any CPU.ActiveCfg = Release|Any CPU
		{A97F4D07-FCF2-45DB-9B6E-D162E6EBD43A}.Release|Any CPU.Build.0 = Release|Any CPU
	EndGlobalSection
	GlobalSection(SolutionProperties) = preSolution
		HideSolutionNode = FALSE
	EndGlobalSection
	GlobalSection(ExtensibilityGlobals) = postSolution
		SolutionGuid = {B6947F9C-2957-475D-9F04-0FB21CEB08FF}
	EndGlobalSection
EndGlobal
